
Microsoft Visual Studio Solution File, Format Version 12.00
# Visual Studio Version 17
VisualStudioVersion = 17.9.34607.119
MinimumVisualStudioVersion = 10.0.40219.1
Project("{FAE04EC0-301F-11D3-BF4B-00C04F79EFBC}") = "BlazorWebAssemblyDemo", "BlazorWebAssemblyDemo.csproj", "{5469C48D-B665-4F19-A1B7-F778DF129F94}"
EndProject
Global
	GlobalSection(SolutionConfigurationPlatforms) = preSolution
		Debug|Any CPU = Debug|Any CPU
		Release|Any CPU = Release|Any CPU
	EndGlobalSection
	GlobalSection(ProjectConfigurationPlatforms) = postSolution
		{5469C48D-B665-4F19-A1B7-F778DF129F94}.Debug|Any CPU.ActiveCfg = Debug|Any CPU
		{5469C48D-B665-4F19-A1B7-F778DF129F94}.Debug|Any CPU.Build.0 = Debug|Any CPU
		{5469C48D-B665-4F19-A1B7-F778DF129F94}.Release|Any CPU.ActiveCfg = Release|Any CPU
		{5469C48D-B665-4F19-A1B7-F778DF129F94}.Release|Any CPU.Build.0 = Release|Any CPU
	EndGlobalSection
	GlobalSection(SolutionProperties) = preSolution
		HideSolutionNode = FALSE
	EndGlobalSection
	GlobalSection(ExtensibilityGlobals) = postSolution
		SolutionGuid = {60950882-969C-4146-9709-434B49E7ECB1}
	EndGlobalSection
EndGlobal
